{
  "name": "zenn-contents",
  "version": "1.0.0",
  "lockfileVersion": 3,
  "requires": true,
  "packages": {
    "": {
      "name": "zenn-contents",
      "version": "1.0.0",
      "license": "ISC",
      "dependencies": {
        "zenn-cli": "^0.2.8"
      }
    },
    "node_modules/zenn-cli": {
      "version": "0.2.8",
      "resolved": "https://registry.npmjs.org/zenn-cli/-/zenn-cli-0.2.8.tgz",
      "integrity": "sha512-HIUf4m2aSBZM0+eVERwbjkcF8HCSc0p7pfa9CkTkXKhJohCh2Oho+z0s3RczuMLMYOGnD6TWyqUKveTFuJX9dw==",
      "license": "MIT",
      "bin": {
        "zenn": "dist/server/zenn.js"
      },
      "engines": {
        "node": ">=22.0.0"
      }
    }
  }
}
